
Microsoft Visual Studio Solution File, Format Version 12.00
# Visual Studio Version 17
VisualStudioVersion = 17.11.35312.102
MinimumVisualStudioVersion = 10.0.40219.1
Project("{FAE04EC0-301F-11D3-BF4B-00C04F79EFBC}") = "API_REST_Optica", "API_REST_Optica\API_REST_Optica.csproj", "{0E186E94-3193-4923-955A-A8A16D391179}"
EndProject
Project("{2150E333-8FDC-42A3-9474-1A3956D46DE8}") = "API", "API", "{D7B70783-6AC1-4580-B1D5-43AC17944C6A}"
EndProject
Project("{2150E333-8FDC-42A3-9474-1A3956D46DE8}") = "Business", "Business", "{BC51FFEF-0829-4A6E-9107-FA5BF913E6C3}"
EndProject
Project("{2150E333-8FDC-42A3-9474-1A3956D46DE8}") = "Data", "Data", "{DAD1F493-77EB-4152-B2C8-10D79A287151}"
EndProject
Project("{2150E333-8FDC-42A3-9474-1A3956D46DE8}") = "Data", "Data", "{CD01EC4A-2E67-44EA-AFD0-E6F7A863DCAB}"
EndProject
Project("{2150E333-8FDC-42A3-9474-1A3956D46DE8}") = "Models", "Models", "{FC528E0D-A522-4DF3-AAEC-D176F7FC1840}"
EndProject
Project("{FAE04EC0-301F-11D3-BF4B-00C04F79EFBC}") = "User_Models", "Users_Models\User_Models.csproj", "{586A1513-8663-432F-B205-A2B471584622}"
EndProject
Project("{FAE04EC0-301F-11D3-BF4B-00C04F79EFBC}") = "Patient_Models", "Patient_Models\Patient_Models.csproj", "{74F2CDFF-9EA3-4142-8E9D-0FF909FAEC35}"
EndProject
Project("{FAE04EC0-301F-11D3-BF4B-00C04F79EFBC}") = "Data_Admin", "Data_Admin\Data_Admin.csproj", "{C8822203-9CE3-47FD-B36A-304649896B8B}"
EndProject
Project("{FAE04EC0-301F-11D3-BF4B-00C04F79EFBC}") = "Data_Users", "Data_Users\Data_Users.csproj", "{ADA49EAF-281F-4ACC-9E01-08112B6385AC}"
EndProject
Project("{FAE04EC0-301F-11D3-BF4B-00C04F79EFBC}") = "Business_Users", "Business_Users\Business_Users.csproj", "{63F6C7D6-B0D2-4741-A6EF-105B4927E1EF}"
EndProject
Global
	GlobalSection(SolutionConfigurationPlatforms) = preSolution
		Debug|Any CPU = Debug|Any CPU
		Release|Any CPU = Release|Any CPU
	EndGlobalSection
	GlobalSection(ProjectConfigurationPlatforms) = postSolution
		{0E186E94-3193-4923-955A-A8A16D391179}.Debug|Any CPU.ActiveCfg = Debug|Any CPU
		{0E186E94-3193-4923-955A-A8A16D391179}.Debug|Any CPU.Build.0 = Debug|Any CPU
		{0E186E94-3193-4923-955A-A8A16D391179}.Release|Any CPU.ActiveCfg = Release|Any CPU
		{0E186E94-3193-4923-955A-A8A16D391179}.Release|Any CPU.Build.0 = Release|Any CPU
		{586A1513-8663-432F-B205-A2B471584622}.Debug|Any CPU.ActiveCfg = Debug|Any CPU
		{586A1513-8663-432F-B205-A2B471584622}.Debug|Any CPU.Build.0 = Debug|Any CPU
		{586A1513-8663-432F-B205-A2B471584622}.Release|Any CPU.ActiveCfg = Release|Any CPU
		{586A1513-8663-432F-B205-A2B471584622}.Release|Any CPU.Build.0 = Release|Any CPU
		{74F2CDFF-9EA3-4142-8E9D-0FF909FAEC35}.Debug|Any CPU.ActiveCfg = Debug|Any CPU
		{74F2CDFF-9EA3-4142-8E9D-0FF909FAEC35}.Debug|Any CPU.Build.0 = Debug|Any CPU
		{74F2CDFF-9EA3-4142-8E9D-0FF909FAEC35}.Release|Any CPU.ActiveCfg = Release|Any CPU
		{74F2CDFF-9EA3-4142-8E9D-0FF909FAEC35}.Release|Any CPU.Build.0 = Release|Any CPU
		{C8822203-9CE3-47FD-B36A-304649896B8B}.Debug|Any CPU.ActiveCfg = Debug|Any CPU
		{C8822203-9CE3-47FD-B36A-304649896B8B}.Debug|Any CPU.Build.0 = Debug|Any CPU
		{C8822203-9CE3-47FD-B36A-304649896B8B}.Release|Any CPU.ActiveCfg = Release|Any CPU
		{C8822203-9CE3-47FD-B36A-304649896B8B}.Release|Any CPU.Build.0 = Release|Any CPU
		{ADA49EAF-281F-4ACC-9E01-08112B6385AC}.Debug|Any CPU.ActiveCfg = Debug|Any CPU
		{ADA49EAF-281F-4ACC-9E01-08112B6385AC}.Debug|Any CPU.Build.0 = Debug|Any CPU
		{ADA49EAF-281F-4ACC-9E01-08112B6385AC}.Release|Any CPU.ActiveCfg = Release|Any CPU
		{ADA49EAF-281F-4ACC-9E01-08112B6385AC}.Release|Any CPU.Build.0 = Release|Any CPU
		{63F6C7D6-B0D2-4741-A6EF-105B4927E1EF}.Debug|Any CPU.ActiveCfg = Debug|Any CPU
		{63F6C7D6-B0D2-4741-A6EF-105B4927E1EF}.Debug|Any CPU.Build.0 = Debug|Any CPU
		{63F6C7D6-B0D2-4741-A6EF-105B4927E1EF}.Release|Any CPU.ActiveCfg = Release|Any CPU
		{63F6C7D6-B0D2-4741-A6EF-105B4927E1EF}.Release|Any CPU.Build.0 = Release|Any CPU
	EndGlobalSection
	GlobalSection(SolutionProperties) = preSolution
		HideSolutionNode = FALSE
	EndGlobalSection
	GlobalSection(NestedProjects) = preSolution
		{0E186E94-3193-4923-955A-A8A16D391179} = {D7B70783-6AC1-4580-B1D5-43AC17944C6A}
		{CD01EC4A-2E67-44EA-AFD0-E6F7A863DCAB} = {DAD1F493-77EB-4152-B2C8-10D79A287151}
		{FC528E0D-A522-4DF3-AAEC-D176F7FC1840} = {BC51FFEF-0829-4A6E-9107-FA5BF913E6C3}
		{586A1513-8663-432F-B205-A2B471584622} = {FC528E0D-A522-4DF3-AAEC-D176F7FC1840}
		{74F2CDFF-9EA3-4142-8E9D-0FF909FAEC35} = {FC528E0D-A522-4DF3-AAEC-D176F7FC1840}
		{C8822203-9CE3-47FD-B36A-304649896B8B} = {CD01EC4A-2E67-44EA-AFD0-E6F7A863DCAB}
		{ADA49EAF-281F-4ACC-9E01-08112B6385AC} = {CD01EC4A-2E67-44EA-AFD0-E6F7A863DCAB}
		{63F6C7D6-B0D2-4741-A6EF-105B4927E1EF} = {BC51FFEF-0829-4A6E-9107-FA5BF913E6C3}
	EndGlobalSection
	GlobalSection(ExtensibilityGlobals) = postSolution
		SolutionGuid = {19F349B8-6A71-419C-8FC1-8A135183A75B}
	EndGlobalSection
EndGlobal
