
Microsoft Visual Studio Solution File, Format Version 12.00
# Visual Studio Version 17
VisualStudioVersion = 17.11.35312.102
MinimumVisualStudioVersion = 10.0.40219.1
Project("{FAE04EC0-301F-11D3-BF4B-00C04F79EFBC}") = "Web_Cliente_Optica", "Web_Cliente_Optica\Web_Cliente_Optica.csproj", "{641AEAC1-3310-476E-9530-EFD10741C68F}"
EndProject
Global
	GlobalSection(SolutionConfigurationPlatforms) = preSolution
		Debug|Any CPU = Debug|Any CPU
		Release|Any CPU = Release|Any CPU
	EndGlobalSection
	GlobalSection(ProjectConfigurationPlatforms) = postSolution
		{641AEAC1-3310-476E-9530-EFD10741C68F}.Debug|Any CPU.ActiveCfg = Debug|Any CPU
		{641AEAC1-3310-476E-9530-EFD10741C68F}.Debug|Any CPU.Build.0 = Debug|Any CPU
		{641AEAC1-3310-476E-9530-EFD10741C68F}.Release|Any CPU.ActiveCfg = Release|Any CPU
		{641AEAC1-3310-476E-9530-EFD10741C68F}.Release|Any CPU.Build.0 = Release|Any CPU
	EndGlobalSection
	GlobalSection(SolutionProperties) = preSolution
		HideSolutionNode = FALSE
	EndGlobalSection
	GlobalSection(ExtensibilityGlobals) = postSolution
		SolutionGuid = {28C5A435-A684-4003-9809-0407B9E01C8D}
	EndGlobalSection
EndGlobal
